# THIS IS AN AUTOGENERATED FILE. DO NOT EDIT THIS FILE DIRECTLY.
# yarn lockfile v1


"@rails/actioncable@>= 6.0":
  version "7.0.4"
  resolved "https://registry.yarnpkg.com/@rails/actioncable/-/actioncable-7.0.4.tgz#70a3ca56809f7aaabb80af2f9c01ae51e1a8ed41"
  integrity sha512-tz4oM+Zn9CYsvtyicsa/AwzKZKL+ITHWkhiu7x+xF77clh2b4Rm+s6xnOgY/sGDWoFWZmtKsE95hxBPkgQQNnQ==

"cable_ready@>= 4.5.0":
  version "4.5.0"
  resolved "https://registry.yarnpkg.com/cable_ready/-/cable_ready-4.5.0.tgz#1207218dd16934d12addfbd34c26ead853570672"
  integrity sha512-9bom1DuYe1teBdRckgKWjg+rWRLWrkOvkhzlXkhb33X+Pfu/QK9e4vGk6hGK9PVKVr0SYZC41dByFGknW4spLg==
  dependencies:
    morphdom "^2.6.1"

morphdom@^2.6.1:
  version "2.7.0"
  resolved "https://registry.yarnpkg.com/morphdom/-/morphdom-2.7.0.tgz#9ef0c4bc15ac8725df398d127c6984f62e7f89e8"
  integrity sha512-8L8DwbdjjWwM/aNqj7BSoSn4G7SQLNiDcxCnMWbf506jojR6lNQ5YOmQqXEIE8u3C492UlkN4d0hQwz97+M1oQ==

stimulus_reflex@3.4.1:
  version "3.4.1"
  resolved "https://registry.yarnpkg.com/stimulus_reflex/-/stimulus_reflex-3.4.1.tgz#2606aee3b2911b5939d68f65a75262fe3c626204"
  integrity sha512-YbFcuE4HndNe9RBQvF/Vu+7GDt0zLGdhQTXuGfLDVti1qggPG3kPgV1YBZ9volzBTGUmLp2PQbxG9j5AIyYp5A==
  dependencies:
    "@rails/actioncable" ">= 6.0"
    cable_ready ">= 4.5.0"
